
Microsoft Visual Studio Solution File, Format Version 12.00
# Visual Studio Version 16
VisualStudioVersion = 16.0.30413.136
MinimumVisualStudioVersion = 10.0.40219.1
Project("{9A19103F-16F7-4668-BE54-9A1E7A4F7556}") = "RealTimeChatWithSupport", "RealTimeChatWithSupport\RealTimeChatWithSupport.csproj", "{3B1C239C-5E4B-4549-B155-82EA0CB20817}"
EndProject
Global
	GlobalSection(SolutionConfigurationPlatforms) = preSolution
		Debug|Any CPU = Debug|Any CPU
		Release|Any CPU = Release|Any CPU
	EndGlobalSection
	GlobalSection(ProjectConfigurationPlatforms) = postSolution
		{3B1C239C-5E4B-4549-B155-82EA0CB20817}.Debug|Any CPU.ActiveCfg = Debug|Any CPU
		{3B1C239C-5E4B-4549-B155-82EA0CB20817}.Debug|Any CPU.Build.0 = Debug|Any CPU
		{3B1C239C-5E4B-4549-B155-82EA0CB20817}.Release|Any CPU.ActiveCfg = Release|Any CPU
		{3B1C239C-5E4B-4549-B155-82EA0CB20817}.Release|Any CPU.Build.0 = Release|Any CPU
	EndGlobalSection
	GlobalSection(SolutionProperties) = preSolution
		HideSolutionNode = FALSE
	EndGlobalSection
	GlobalSection(ExtensibilityGlobals) = postSolution
		SolutionGuid = {3EBDA944-0F07-49B4-8C9F-4F6BF5070012}
	EndGlobalSection
EndGlobal
